
Microsoft Visual Studio Solution File, Format Version 12.00
# Visual Studio Version 17
VisualStudioVersion = 17.7.34031.279
MinimumVisualStudioVersion = 10.0.40219.1
Project("{FAE04EC0-301F-11D3-BF4B-00C04F79EFBC}") = "çifttekburma", "çifttekburma\çifttekburma.csproj", "{756C5BAE-BC5B-46CD-91AD-660A8039E26F}"
EndProject
Global
	GlobalSection(SolutionConfigurationPlatforms) = preSolution
		Debug|Any CPU = Debug|Any CPU
		Release|Any CPU = Release|Any CPU
	EndGlobalSection
	GlobalSection(ProjectConfigurationPlatforms) = postSolution
		{756C5BAE-BC5B-46CD-91AD-660A8039E26F}.Debug|Any CPU.ActiveCfg = Debug|Any CPU
		{756C5BAE-BC5B-46CD-91AD-660A8039E26F}.Debug|Any CPU.Build.0 = Debug|Any CPU
		{756C5BAE-BC5B-46CD-91AD-660A8039E26F}.Release|Any CPU.ActiveCfg = Release|Any CPU
		{756C5BAE-BC5B-46CD-91AD-660A8039E26F}.Release|Any CPU.Build.0 = Release|Any CPU
	EndGlobalSection
	GlobalSection(SolutionProperties) = preSolution
		HideSolutionNode = FALSE
	EndGlobalSection
	GlobalSection(ExtensibilityGlobals) = postSolution
		SolutionGuid = {53C1C955-10F6-459B-8C81-EB541A7506E1}
	EndGlobalSection
EndGlobal
